
Microsoft Visual Studio Solution File, Format Version 12.00
# Visual Studio Version 17
VisualStudioVersion = 17.11.35327.3
MinimumVisualStudioVersion = 10.0.40219.1
Project("{9A19103F-16F7-4668-BE54-9A1E7A4F7556}") = "PHI Redaction App", "PHI Redaction App\PHI Redaction App.csproj", "{D8A441F7-AD6E-4101-B908-B80C72FAB0E3}"
EndProject
Project("{FAE04EC0-301F-11D3-BF4B-00C04F79EFBC}") = "PHI_Redaction_App.Tests", "PHI_Redaction_App.Tests\PHI_Redaction_App.Tests.csproj", "{EF8C535F-2D85-4B65-ABE5-8D2F6E177E08}"
EndProject
Global
	GlobalSection(SolutionConfigurationPlatforms) = preSolution
		Debug|Any CPU = Debug|Any CPU
		Release|Any CPU = Release|Any CPU
	EndGlobalSection
	GlobalSection(ProjectConfigurationPlatforms) = postSolution
		{D8A441F7-AD6E-4101-B908-B80C72FAB0E3}.Debug|Any CPU.ActiveCfg = Debug|Any CPU
		{D8A441F7-AD6E-4101-B908-B80C72FAB0E3}.Debug|Any CPU.Build.0 = Debug|Any CPU
		{D8A441F7-AD6E-4101-B908-B80C72FAB0E3}.Release|Any CPU.ActiveCfg = Release|Any CPU
		{D8A441F7-AD6E-4101-B908-B80C72FAB0E3}.Release|Any CPU.Build.0 = Release|Any CPU
		{EF8C535F-2D85-4B65-ABE5-8D2F6E177E08}.Debug|Any CPU.ActiveCfg = Debug|Any CPU
		{EF8C535F-2D85-4B65-ABE5-8D2F6E177E08}.Debug|Any CPU.Build.0 = Debug|Any CPU
		{EF8C535F-2D85-4B65-ABE5-8D2F6E177E08}.Release|Any CPU.ActiveCfg = Release|Any CPU
		{EF8C535F-2D85-4B65-ABE5-8D2F6E177E08}.Release|Any CPU.Build.0 = Release|Any CPU
	EndGlobalSection
	GlobalSection(SolutionProperties) = preSolution
		HideSolutionNode = FALSE
	EndGlobalSection
	GlobalSection(ExtensibilityGlobals) = postSolution
		SolutionGuid = {A12EA03B-9E00-4FA4-8D70-78B3CFECCD23}
	EndGlobalSection
EndGlobal
